{
  "name": "meshinfo",
  "lockfileVersion": 3,
  "requires": true,
  "packages": {
    "": {
      "devDependencies": {
        "@types/node": "^25.3.4"
      }
    },
    "node_modules/@types/node": {
      "version": "25.3.4",
      "resolved": "https://registry.npmjs.org/@types/node/-/node-25.3.4.tgz",
      "integrity": "sha512-NB1qVMIPsjfYtrY+9cCTj2VqLBh/TIDmsZXtmM2Xsn+W2yMlkA9Q1Okpr9W3f1fyGgvelw8ojumDsv8Vc0xufQ==",
      "dev": true,
      "license": "MIT",
      "dependencies": {
        "undici-types": "~7.18.0"
      }
    },
    "node_modules/undici-types": {
      "version": "7.18.2",
      "resolved": "https://registry.npmjs.org/undici-types/-/undici-types-7.18.2.tgz",
      "integrity": "sha512-AsuCzffGHJybSaRrmr5eHr81mwJU3kjw6M+uprWvCXiNeN9SOGwQ3Jn8jb8m3Z6izVgknn1R0FTCEAP2QrLY/w==",
      "dev": true,
      "license": "MIT"
    }
  }
}
