{
  "name": "meshinfo",
  "lockfileVersion": 3,
  "requires": true,
  "packages": {
    "": {
      "devDependencies": {
        "@types/node": "^22.8.0"
      }
    },
    "node_modules/@types/node": {
      "version": "22.8.0",
      "resolved": "https://registry.npmjs.org/@types/node/-/node-22.8.0.tgz",
      "integrity": "sha512-84rafSBHC/z1i1E3p0cJwKA+CfYDNSXX9WSZBRopjIzLET8oNt6ht2tei4C7izwDeEiLLfdeSVBv1egOH916hg==",
      "dev": true,
      "dependencies": {
        "undici-types": "~6.19.8"
      }
    },
    "node_modules/undici-types": {
      "version": "6.19.8",
      "resolved": "https://registry.npmjs.org/undici-types/-/undici-types-6.19.8.tgz",
      "integrity": "sha512-ve2KP6f/JnbPBFyobGHuerC9g1FYGn/F8n1LWTwNxCEzd6IfqTwUQcNXgEtmmQ6DlRrC1hrSrBnCZPokRrDHjw==",
      "dev": true
    }
  }
}
