# THIS IS AN AUTOGENERATED FILE. DO NOT EDIT THIS FILE DIRECTLY.
# yarn lockfile v1


"@types/node@^22.7.1":
  version "22.7.1"
  resolved "https://registry.yarnpkg.com/@types/node/-/node-22.7.1.tgz#c6a2628c8a68511ab7b68f3be7c9b38716bdf04f"
  integrity sha512-adOMRLVmleuWs/5V/w5/l7o0chDK/az+5ncCsIapTKogsu/3MVWvSgP58qVTXi5IwpfGt8pMobNq9rOWtJyu5Q==
  dependencies:
    undici-types "~6.19.2"

undici-types@~6.19.2:
  version "6.19.8"
  resolved "https://registry.yarnpkg.com/undici-types/-/undici-types-6.19.8.tgz#35111c9d1437ab83a7cdc0abae2f26d88eda0a02"
  integrity sha512-ve2KP6f/JnbPBFyobGHuerC9g1FYGn/F8n1LWTwNxCEzd6IfqTwUQcNXgEtmmQ6DlRrC1hrSrBnCZPokRrDHjw==
