# THIS IS AN AUTOGENERATED FILE. DO NOT EDIT THIS FILE DIRECTLY.
# yarn lockfile v1


"@types/node@^22.7.6":
  version "22.7.6"
  resolved "https://registry.yarnpkg.com/@types/node/-/node-22.7.6.tgz#3ec3e2b071e136cd11093c19128405e1d1f92f33"
  integrity sha512-/d7Rnj0/ExXDMcioS78/kf1lMzYk4BZV8MZGTBKzTGZ6/406ukkbYlIsZmMPhcR5KlkunDHQLrtAVmSq7r+mSw==
  dependencies:
    undici-types "~6.19.2"

undici-types@~6.19.2:
  version "6.19.8"
  resolved "https://registry.yarnpkg.com/undici-types/-/undici-types-6.19.8.tgz#35111c9d1437ab83a7cdc0abae2f26d88eda0a02"
  integrity sha512-ve2KP6f/JnbPBFyobGHuerC9g1FYGn/F8n1LWTwNxCEzd6IfqTwUQcNXgEtmmQ6DlRrC1hrSrBnCZPokRrDHjw==
